// !$*UTF8*$!
{
	archiveVersion = 1;
	classes = {
	};
	objectVersion = 46;
	objects = {

/* Begin PBXAggregateTarget section */
		730DE7E31CC3F0CA00557D4C /* Mogenerator */ = {
			isa = PBXAggregateTarget;
			buildConfigurationList = 730DE7E41CC3F0CA00557D4C /* Build configuration list for PBXAggregateTarget "Mogenerator" */;
			buildPhases = (
				730DE7E71CC3F0F200557D4C /* ShellScript */,
			);
			dependencies = (
			);
			name = Mogenerator;
			productName = Mogenerator;
		};
/* End PBXAggregateTarget section */

/* Begin PBXBuildFile section */
		736AB61E1CC58C9500C4376C /* SimpleFetchWindowController.m in Sources */ = {isa = PBXBuildFile; fileRef = 736AB61C1CC58C9500C4376C /* SimpleFetchWindowController.m */; };
		736AB61F1CC58C9500C4376C /* SimpleFetchWindowController.xib in Resources */ = {isa = PBXBuildFile; fileRef = 736AB61D1CC58C9500C4376C /* SimpleFetchWindowController.xib */; };
		7370BEAD1CC21BB400079C8E /* AppDelegate.m in Sources */ = {isa = PBXBuildFile; fileRef = 7370BEAC1CC21BB400079C8E /* AppDelegate.m */; };
		7370BEB01CC21BB400079C8E /* main.m in Sources */ = {isa = PBXBuildFile; fileRef = 7370BEAF1CC21BB400079C8E /* main.m */; };
		7370BEB51CC21BB400079C8E /* Assets.xcassets in Resources */ = {isa = PBXBuildFile; fileRef = 7370BEB41CC21BB400079C8E /* Assets.xcassets */; };
		7370BEB81CC21BB400079C8E /* MainMenu.xib in Resources */ = {isa = PBXBuildFile; fileRef = 7370BEB61CC21BB400079C8E /* MainMenu.xib */; };
		7370BEC31CC21BB500079C8E /* DocSetsTake2Tests.m in Sources */ = {isa = PBXBuildFile; fileRef = 7370BEC21CC21BB500079C8E /* DocSetsTake2Tests.m */; };
		7370BECE1CC21BB500079C8E /* DocSetsTake2UITests.m in Sources */ = {isa = PBXBuildFile; fileRef = 7370BECD1CC21BB500079C8E /* DocSetsTake2UITests.m */; };
		73C216311CC5BCA700F097B9 /* DocSetIndex.m in Sources */ = {isa = PBXBuildFile; fileRef = 73C215EB1CC5BCA700F097B9 /* DocSetIndex.m */; };
		73C216321CC5BCA700F097B9 /* DocSetIndex.m in Sources */ = {isa = PBXBuildFile; fileRef = 73C215EB1CC5BCA700F097B9 /* DocSetIndex.m */; };
		73C216331CC5BCA700F097B9 /* DocSetIndex.m in Sources */ = {isa = PBXBuildFile; fileRef = 73C215EB1CC5BCA700F097B9 /* DocSetIndex.m */; };
		73C216341CC5BCA700F097B9 /* APILanguage.m in Sources */ = {isa = PBXBuildFile; fileRef = 73C215F01CC5BCA700F097B9 /* APILanguage.m */; };
		73C216351CC5BCA700F097B9 /* APILanguage.m in Sources */ = {isa = PBXBuildFile; fileRef = 73C215F01CC5BCA700F097B9 /* APILanguage.m */; };
		73C216361CC5BCA700F097B9 /* APILanguage.m in Sources */ = {isa = PBXBuildFile; fileRef = 73C215F01CC5BCA700F097B9 /* APILanguage.m */; };
		73C216371CC5BCA700F097B9 /* Container.m in Sources */ = {isa = PBXBuildFile; fileRef = 73C215F21CC5BCA700F097B9 /* Container.m */; };
		73C216381CC5BCA700F097B9 /* Container.m in Sources */ = {isa = PBXBuildFile; fileRef = 73C215F21CC5BCA700F097B9 /* Container.m */; };
		73C216391CC5BCA700F097B9 /* Container.m in Sources */ = {isa = PBXBuildFile; fileRef = 73C215F21CC5BCA700F097B9 /* Container.m */; };
		73C2163A1CC5BCA700F097B9 /* DocSet.m in Sources */ = {isa = PBXBuildFile; fileRef = 73C215F41CC5BCA700F097B9 /* DocSet.m */; };
		73C2163B1CC5BCA700F097B9 /* DocSet.m in Sources */ = {isa = PBXBuildFile; fileRef = 73C215F41CC5BCA700F097B9 /* DocSet.m */; };
		73C2163C1CC5BCA700F097B9 /* DocSet.m in Sources */ = {isa = PBXBuildFile; fileRef = 73C215F41CC5BCA700F097B9 /* DocSet.m */; };
		73C2163D1CC5BCA700F097B9 /* DownloadableFile.m in Sources */ = {isa = PBXBuildFile; fileRef = 73C215F61CC5BCA700F097B9 /* DownloadableFile.m */; };
		73C2163E1CC5BCA700F097B9 /* DownloadableFile.m in Sources */ = {isa = PBXBuildFile; fileRef = 73C215F61CC5BCA700F097B9 /* DownloadableFile.m */; };
		73C2163F1CC5BCA700F097B9 /* DownloadableFile.m in Sources */ = {isa = PBXBuildFile; fileRef = 73C215F61CC5BCA700F097B9 /* DownloadableFile.m */; };
		73C216401CC5BCA700F097B9 /* DSADistributionVersion.m in Sources */ = {isa = PBXBuildFile; fileRef = 73C215F81CC5BCA700F097B9 /* DSADistributionVersion.m */; };
		73C216411CC5BCA700F097B9 /* DSADistributionVersion.m in Sources */ = {isa = PBXBuildFile; fileRef = 73C215F81CC5BCA700F097B9 /* DSADistributionVersion.m */; };
		73C216421CC5BCA700F097B9 /* DSADistributionVersion.m in Sources */ = {isa = PBXBuildFile; fileRef = 73C215F81CC5BCA700F097B9 /* DSADistributionVersion.m */; };
		73C216431CC5BCA700F097B9 /* DSANode.m in Sources */ = {isa = PBXBuildFile; fileRef = 73C215FA1CC5BCA700F097B9 /* DSANode.m */; };
		73C216441CC5BCA700F097B9 /* DSANode.m in Sources */ = {isa = PBXBuildFile; fileRef = 73C215FA1CC5BCA700F097B9 /* DSANode.m */; };
		73C216451CC5BCA700F097B9 /* DSANode.m in Sources */ = {isa = PBXBuildFile; fileRef = 73C215FA1CC5BCA700F097B9 /* DSANode.m */; };
		73C216461CC5BCA700F097B9 /* DSANodeURL.m in Sources */ = {isa = PBXBuildFile; fileRef = 73C215FC1CC5BCA700F097B9 /* DSANodeURL.m */; };
		73C216471CC5BCA700F097B9 /* DSANodeURL.m in Sources */ = {isa = PBXBuildFile; fileRef = 73C215FC1CC5BCA700F097B9 /* DSANodeURL.m */; };
		73C216481CC5BCA700F097B9 /* DSANodeURL.m in Sources */ = {isa = PBXBuildFile; fileRef = 73C215FC1CC5BCA700F097B9 /* DSANodeURL.m */; };
		73C216491CC5BCA700F097B9 /* DSAToken.m in Sources */ = {isa = PBXBuildFile; fileRef = 73C215FE1CC5BCA700F097B9 /* DSAToken.m */; };
		73C2164A1CC5BCA700F097B9 /* DSAToken.m in Sources */ = {isa = PBXBuildFile; fileRef = 73C215FE1CC5BCA700F097B9 /* DSAToken.m */; };
		73C2164B1CC5BCA700F097B9 /* DSAToken.m in Sources */ = {isa = PBXBuildFile; fileRef = 73C215FE1CC5BCA700F097B9 /* DSAToken.m */; };
		73C2164C1CC5BCA700F097B9 /* FilePath.m in Sources */ = {isa = PBXBuildFile; fileRef = 73C216001CC5BCA700F097B9 /* FilePath.m */; };
		73C2164D1CC5BCA700F097B9 /* FilePath.m in Sources */ = {isa = PBXBuildFile; fileRef = 73C216001CC5BCA700F097B9 /* FilePath.m */; };
		73C2164E1CC5BCA700F097B9 /* FilePath.m in Sources */ = {isa = PBXBuildFile; fileRef = 73C216001CC5BCA700F097B9 /* FilePath.m */; };
		73C2164F1CC5BCA700F097B9 /* Header.m in Sources */ = {isa = PBXBuildFile; fileRef = 73C216021CC5BCA700F097B9 /* Header.m */; };
		73C216501CC5BCA700F097B9 /* Header.m in Sources */ = {isa = PBXBuildFile; fileRef = 73C216021CC5BCA700F097B9 /* Header.m */; };
		73C216511CC5BCA700F097B9 /* Header.m in Sources */ = {isa = PBXBuildFile; fileRef = 73C216021CC5BCA700F097B9 /* Header.m */; };
		73C216521CC5BCA700F097B9 /* NodeUUID.m in Sources */ = {isa = PBXBuildFile; fileRef = 73C216041CC5BCA700F097B9 /* NodeUUID.m */; };
		73C216531CC5BCA700F097B9 /* NodeUUID.m in Sources */ = {isa = PBXBuildFile; fileRef = 73C216041CC5BCA700F097B9 /* NodeUUID.m */; };
		73C216541CC5BCA700F097B9 /* NodeUUID.m in Sources */ = {isa = PBXBuildFile; fileRef = 73C216041CC5BCA700F097B9 /* NodeUUID.m */; };
		73C216551CC5BCA700F097B9 /* OrderedSubnode.m in Sources */ = {isa = PBXBuildFile; fileRef = 73C216061CC5BCA700F097B9 /* OrderedSubnode.m */; };
		73C216561CC5BCA700F097B9 /* OrderedSubnode.m in Sources */ = {isa = PBXBuildFile; fileRef = 73C216061CC5BCA700F097B9 /* OrderedSubnode.m */; };
		73C216571CC5BCA700F097B9 /* OrderedSubnode.m in Sources */ = {isa = PBXBuildFile; fileRef = 73C216061CC5BCA700F097B9 /* OrderedSubnode.m */; };
		73C216581CC5BCA700F097B9 /* TokenGroup.m in Sources */ = {isa = PBXBuildFile; fileRef = 73C216081CC5BCA700F097B9 /* TokenGroup.m */; };
		73C216591CC5BCA700F097B9 /* TokenGroup.m in Sources */ = {isa = PBXBuildFile; fileRef = 73C216081CC5BCA700F097B9 /* TokenGroup.m */; };
		73C2165A1CC5BCA700F097B9 /* TokenGroup.m in Sources */ = {isa = PBXBuildFile; fileRef = 73C216081CC5BCA700F097B9 /* TokenGroup.m */; };
		73C2165B1CC5BCA700F097B9 /* TokenMetainformation.m in Sources */ = {isa = PBXBuildFile; fileRef = 73C2160A1CC5BCA700F097B9 /* TokenMetainformation.m */; };
		73C2165C1CC5BCA700F097B9 /* TokenMetainformation.m in Sources */ = {isa = PBXBuildFile; fileRef = 73C2160A1CC5BCA700F097B9 /* TokenMetainformation.m */; };
		73C2165D1CC5BCA700F097B9 /* TokenMetainformation.m in Sources */ = {isa = PBXBuildFile; fileRef = 73C2160A1CC5BCA700F097B9 /* TokenMetainformation.m */; };
		73C2165E1CC5BCA700F097B9 /* TokenType.m in Sources */ = {isa = PBXBuildFile; fileRef = 73C2160C1CC5BCA700F097B9 /* TokenType.m */; };
		73C2165F1CC5BCA700F097B9 /* TokenType.m in Sources */ = {isa = PBXBuildFile; fileRef = 73C2160C1CC5BCA700F097B9 /* TokenType.m */; };
		73C216601CC5BCA700F097B9 /* TokenType.m in Sources */ = {isa = PBXBuildFile; fileRef = 73C2160C1CC5BCA700F097B9 /* TokenType.m */; };
		73C216611CC5BCA700F097B9 /* _APILanguage.m in Sources */ = {isa = PBXBuildFile; fileRef = 73C2160F1CC5BCA700F097B9 /* _APILanguage.m */; };
		73C216621CC5BCA700F097B9 /* _APILanguage.m in Sources */ = {isa = PBXBuildFile; fileRef = 73C2160F1CC5BCA700F097B9 /* _APILanguage.m */; };
		73C216631CC5BCA700F097B9 /* _APILanguage.m in Sources */ = {isa = PBXBuildFile; fileRef = 73C2160F1CC5BCA700F097B9 /* _APILanguage.m */; };
		73C216641CC5BCA700F097B9 /* _Container.m in Sources */ = {isa = PBXBuildFile; fileRef = 73C216111CC5BCA700F097B9 /* _Container.m */; };
		73C216651CC5BCA700F097B9 /* _Container.m in Sources */ = {isa = PBXBuildFile; fileRef = 73C216111CC5BCA700F097B9 /* _Container.m */; };
		73C216661CC5BCA700F097B9 /* _Container.m in Sources */ = {isa = PBXBuildFile; fileRef = 73C216111CC5BCA700F097B9 /* _Container.m */; };
		73C216671CC5BCA700F097B9 /* _DocSet.m in Sources */ = {isa = PBXBuildFile; fileRef = 73C216131CC5BCA700F097B9 /* _DocSet.m */; };
		73C216681CC5BCA700F097B9 /* _DocSet.m in Sources */ = {isa = PBXBuildFile; fileRef = 73C216131CC5BCA700F097B9 /* _DocSet.m */; };
		73C216691CC5BCA700F097B9 /* _DocSet.m in Sources */ = {isa = PBXBuildFile; fileRef = 73C216131CC5BCA700F097B9 /* _DocSet.m */; };
		73C2166A1CC5BCA700F097B9 /* _DownloadableFile.m in Sources */ = {isa = PBXBuildFile; fileRef = 73C216151CC5BCA700F097B9 /* _DownloadableFile.m */; };
		73C2166B1CC5BCA700F097B9 /* _DownloadableFile.m in Sources */ = {isa = PBXBuildFile; fileRef = 73C216151CC5BCA700F097B9 /* _DownloadableFile.m */; };
		73C2166C1CC5BCA700F097B9 /* _DownloadableFile.m in Sources */ = {isa = PBXBuildFile; fileRef = 73C216151CC5BCA700F097B9 /* _DownloadableFile.m */; };
		73C2166D1CC5BCA700F097B9 /* _DSADistributionVersion.m in Sources */ = {isa = PBXBuildFile; fileRef = 73C216171CC5BCA700F097B9 /* _DSADistributionVersion.m */; };
		73C2166E1CC5BCA700F097B9 /* _DSADistributionVersion.m in Sources */ = {isa = PBXBuildFile; fileRef = 73C216171CC5BCA700F097B9 /* _DSADistributionVersion.m */; };
		73C2166F1CC5BCA700F097B9 /* _DSADistributionVersion.m in Sources */ = {isa = PBXBuildFile; fileRef = 73C216171CC5BCA700F097B9 /* _DSADistributionVersion.m */; };
		73C216701CC5BCA700F097B9 /* _DSANode.m in Sources */ = {isa = PBXBuildFile; fileRef = 73C216191CC5BCA700F097B9 /* _DSANode.m */; };
		73C216711CC5BCA700F097B9 /* _DSANode.m in Sources */ = {isa = PBXBuildFile; fileRef = 73C216191CC5BCA700F097B9 /* _DSANode.m */; };
		73C216721CC5BCA700F097B9 /* _DSANode.m in Sources */ = {isa = PBXBuildFile; fileRef = 73C216191CC5BCA700F097B9 /* _DSANode.m */; };
		73C216731CC5BCA700F097B9 /* _DSANodeURL.m in Sources */ = {isa = PBXBuildFile; fileRef = 73C2161B1CC5BCA700F097B9 /* _DSANodeURL.m */; };
		73C216741CC5BCA700F097B9 /* _DSANodeURL.m in Sources */ = {isa = PBXBuildFile; fileRef = 73C2161B1CC5BCA700F097B9 /* _DSANodeURL.m */; };
		73C216751CC5BCA700F097B9 /* _DSANodeURL.m in Sources */ = {isa = PBXBuildFile; fileRef = 73C2161B1CC5BCA700F097B9 /* _DSANodeURL.m */; };
		73C216761CC5BCA700F097B9 /* _DSAToken.m in Sources */ = {isa = PBXBuildFile; fileRef = 73C2161D1CC5BCA700F097B9 /* _DSAToken.m */; };
		73C216771CC5BCA700F097B9 /* _DSAToken.m in Sources */ = {isa = PBXBuildFile; fileRef = 73C2161D1CC5BCA700F097B9 /* _DSAToken.m */; };
		73C216781CC5BCA700F097B9 /* _DSAToken.m in Sources */ = {isa = PBXBuildFile; fileRef = 73C2161D1CC5BCA700F097B9 /* _DSAToken.m */; };
		73C216791CC5BCA700F097B9 /* _FilePath.m in Sources */ = {isa = PBXBuildFile; fileRef = 73C2161F1CC5BCA700F097B9 /* _FilePath.m */; };
		73C2167A1CC5BCA700F097B9 /* _FilePath.m in Sources */ = {isa = PBXBuildFile; fileRef = 73C2161F1CC5BCA700F097B9 /* _FilePath.m */; };
		73C2167B1CC5BCA700F097B9 /* _FilePath.m in Sources */ = {isa = PBXBuildFile; fileRef = 73C2161F1CC5BCA700F097B9 /* _FilePath.m */; };
		73C2167C1CC5BCA700F097B9 /* _Header.m in Sources */ = {isa = PBXBuildFile; fileRef = 73C216211CC5BCA700F097B9 /* _Header.m */; };
		73C2167D1CC5BCA700F097B9 /* _Header.m in Sources */ = {isa = PBXBuildFile; fileRef = 73C216211CC5BCA700F097B9 /* _Header.m */; };
		73C2167E1CC5BCA700F097B9 /* _Header.m in Sources */ = {isa = PBXBuildFile; fileRef = 73C216211CC5BCA700F097B9 /* _Header.m */; };
		73C2167F1CC5BCA700F097B9 /* _NodeUUID.m in Sources */ = {isa = PBXBuildFile; fileRef = 73C216231CC5BCA700F097B9 /* _NodeUUID.m */; };
		73C216801CC5BCA700F097B9 /* _NodeUUID.m in Sources */ = {isa = PBXBuildFile; fileRef = 73C216231CC5BCA700F097B9 /* _NodeUUID.m */; };
		73C216811CC5BCA700F097B9 /* _NodeUUID.m in Sources */ = {isa = PBXBuildFile; fileRef = 73C216231CC5BCA700F097B9 /* _NodeUUID.m */; };
		73C216821CC5BCA700F097B9 /* _OrderedSubnode.m in Sources */ = {isa = PBXBuildFile; fileRef = 73C216251CC5BCA700F097B9 /* _OrderedSubnode.m */; };
		73C216831CC5BCA700F097B9 /* _OrderedSubnode.m in Sources */ = {isa = PBXBuildFile; fileRef = 73C216251CC5BCA700F097B9 /* _OrderedSubnode.m */; };
		73C216841CC5BCA700F097B9 /* _OrderedSubnode.m in Sources */ = {isa = PBXBuildFile; fileRef = 73C216251CC5BCA700F097B9 /* _OrderedSubnode.m */; };
		73C216851CC5BCA700F097B9 /* _TokenGroup.m in Sources */ = {isa = PBXBuildFile; fileRef = 73C216271CC5BCA700F097B9 /* _TokenGroup.m */; };
		73C216861CC5BCA700F097B9 /* _TokenGroup.m in Sources */ = {isa = PBXBuildFile; fileRef = 73C216271CC5BCA700F097B9 /* _TokenGroup.m */; };
		73C216871CC5BCA700F097B9 /* _TokenGroup.m in Sources */ = {isa = PBXBuildFile; fileRef = 73C216271CC5BCA700F097B9 /* _TokenGroup.m */; };
		73C216881CC5BCA700F097B9 /* _TokenMetainformation.m in Sources */ = {isa = PBXBuildFile; fileRef = 73C216291CC5BCA700F097B9 /* _TokenMetainformation.m */; };
		73C216891CC5BCA700F097B9 /* _TokenMetainformation.m in Sources */ = {isa = PBXBuildFile; fileRef = 73C216291CC5BCA700F097B9 /* _TokenMetainformation.m */; };
		73C2168A1CC5BCA700F097B9 /* _TokenMetainformation.m in Sources */ = {isa = PBXBuildFile; fileRef = 73C216291CC5BCA700F097B9 /* _TokenMetainformation.m */; };
		73C2168B1CC5BCA700F097B9 /* _TokenType.m in Sources */ = {isa = PBXBuildFile; fileRef = 73C2162B1CC5BCA700F097B9 /* _TokenType.m */; };
		73C2168C1CC5BCA700F097B9 /* _TokenType.m in Sources */ = {isa = PBXBuildFile; fileRef = 73C2162B1CC5BCA700F097B9 /* _TokenType.m */; };
		73C2168D1CC5BCA700F097B9 /* _TokenType.m in Sources */ = {isa = PBXBuildFile; fileRef = 73C2162B1CC5BCA700F097B9 /* _TokenType.m */; };
		73C2168E1CC5BCA700F097B9 /* DocSetModel.xcdatamodeld in Sources */ = {isa = PBXBuildFile; fileRef = 73C2162C1CC5BCA700F097B9 /* DocSetModel.xcdatamodeld */; };
		73C2168F1CC5BCA700F097B9 /* DocSetModel.xcdatamodeld in Sources */ = {isa = PBXBuildFile; fileRef = 73C2162C1CC5BCA700F097B9 /* DocSetModel.xcdatamodeld */; };
		73C216901CC5BCA700F097B9 /* DocSetModel.xcdatamodeld in Sources */ = {isa = PBXBuildFile; fileRef = 73C2162C1CC5BCA700F097B9 /* DocSetModel.xcdatamodeld */; };
		73C216911CC5BCA700F097B9 /* QuietLog.m in Sources */ = {isa = PBXBuildFile; fileRef = 73C216301CC5BCA700F097B9 /* QuietLog.m */; };
		73C216921CC5BCA700F097B9 /* QuietLog.m in Sources */ = {isa = PBXBuildFile; fileRef = 73C216301CC5BCA700F097B9 /* QuietLog.m */; };
		73C216931CC5BCA700F097B9 /* QuietLog.m in Sources */ = {isa = PBXBuildFile; fileRef = 73C216301CC5BCA700F097B9 /* QuietLog.m */; };
/* End PBXBuildFile section */

/* Begin PBXContainerItemProxy section */
		7370BEBF1CC21BB500079C8E /* PBXContainerItemProxy */ = {
			isa = PBXContainerItemProxy;
			containerPortal = 7370BEA01CC21BB400079C8E /* Project object */;
			proxyType = 1;
			remoteGlobalIDString = 7370BEA71CC21BB400079C8E;
			remoteInfo = DocSetsTake2;
		};
		7370BECA1CC21BB500079C8E /* PBXContainerItemProxy */ = {
			isa = PBXContainerItemProxy;
			containerPortal = 7370BEA01CC21BB400079C8E /* Project object */;
			proxyType = 1;
			remoteGlobalIDString = 7370BEA71CC21BB400079C8E;
			remoteInfo = DocSetsTake2;
		};
/* End PBXContainerItemProxy section */

/* Begin PBXFileReference section */
		736AB61B1CC58C9500C4376C /* SimpleFetchWindowController.h */ = {isa = PBXFileReference; fileEncoding = 4; lastKnownFileType = sourcecode.c.h; path = SimpleFetchWindowController.h; sourceTree = "<group>"; };
		736AB61C1CC58C9500C4376C /* SimpleFetchWindowController.m */ = {isa = PBXFileReference; fileEncoding = 4; lastKnownFileType = sourcecode.c.objc; path = SimpleFetchWindowController.m; sourceTree = "<group>"; };
		736AB61D1CC58C9500C4376C /* SimpleFetchWindowController.xib */ = {isa = PBXFileReference; fileEncoding = 4; lastKnownFileType = file.xib; path = SimpleFetchWindowController.xib; sourceTree = "<group>"; };
		7370BEA81CC21BB400079C8E /* DocSetsTake2.app */ = {isa = PBXFileReference; explicitFileType = wrapper.application; includeInIndex = 0; path = DocSetsTake2.app; sourceTree = BUILT_PRODUCTS_DIR; };
		7370BEAB1CC21BB400079C8E /* AppDelegate.h */ = {isa = PBXFileReference; lastKnownFileType = sourcecode.c.h; path = AppDelegate.h; sourceTree = "<group>"; };
		7370BEAC1CC21BB400079C8E /* AppDelegate.m */ = {isa = PBXFileReference; lastKnownFileType = sourcecode.c.objc; path = AppDelegate.m; sourceTree = "<group>"; };
		7370BEAF1CC21BB400079C8E /* main.m */ = {isa = PBXFileReference; lastKnownFileType = sourcecode.c.objc; path = main.m; sourceTree = "<group>"; };
		7370BEB41CC21BB400079C8E /* Assets.xcassets */ = {isa = PBXFileReference; lastKnownFileType = folder.assetcatalog; path = Assets.xcassets; sourceTree = "<group>"; };
		7370BEB71CC21BB400079C8E /* Base */ = {isa = PBXFileReference; lastKnownFileType = file.xib; name = Base; path = Base.lproj/MainMenu.xib; sourceTree = "<group>"; };
		7370BEB91CC21BB400079C8E /* Info.plist */ = {isa = PBXFileReference; lastKnownFileType = text.plist.xml; path = Info.plist; sourceTree = "<group>"; };
		7370BEBE1CC21BB500079C8E /* DocSetsTake2Tests.xctest */ = {isa = PBXFileReference; explicitFileType = wrapper.cfbundle; includeInIndex = 0; path = DocSetsTake2Tests.xctest; sourceTree = BUILT_PRODUCTS_DIR; };
		7370BEC21CC21BB500079C8E /* DocSetsTake2Tests.m */ = {isa = PBXFileReference; lastKnownFileType = sourcecode.c.objc; path = DocSetsTake2Tests.m; sourceTree = "<group>"; };
		7370BEC41CC21BB500079C8E /* Info.plist */ = {isa = PBXFileReference; lastKnownFileType = text.plist.xml; path = Info.plist; sourceTree = "<group>"; };
		7370BEC91CC21BB500079C8E /* DocSetsTake2UITests.xctest */ = {isa = PBXFileReference; explicitFileType = wrapper.cfbundle; includeInIndex = 0; path = DocSetsTake2UITests.xctest; sourceTree = BUILT_PRODUCTS_DIR; };
		7370BECD1CC21BB500079C8E /* DocSetsTake2UITests.m */ = {isa = PBXFileReference; lastKnownFileType = sourcecode.c.objc; path = DocSetsTake2UITests.m; sourceTree = "<group>"; };
		7370BECF1CC21BB500079C8E /* Info.plist */ = {isa = PBXFileReference; lastKnownFileType = text.plist.xml; path = Info.plist; sourceTree = "<group>"; };
		7370BEDB1CC21C0600079C8E /* README.txt */ = {isa = PBXFileReference; lastKnownFileType = text; path = README.txt; sourceTree = "<group>"; };
		73C215EA1CC5BCA700F097B9 /* DocSetIndex.h */ = {isa = PBXFileReference; fileEncoding = 4; lastKnownFileType = sourcecode.c.h; path = DocSetIndex.h; sourceTree = "<group>"; };
		73C215EB1CC5BCA700F097B9 /* DocSetIndex.m */ = {isa = PBXFileReference; fileEncoding = 4; lastKnownFileType = sourcecode.c.objc; path = DocSetIndex.m; sourceTree = "<group>"; };
		73C215ED1CC5BCA700F097B9 /* DocSetModel.h */ = {isa = PBXFileReference; fileEncoding = 4; lastKnownFileType = sourcecode.c.h; path = DocSetModel.h; sourceTree = "<group>"; };
		73C215EF1CC5BCA700F097B9 /* APILanguage.h */ = {isa = PBXFileReference; fileEncoding = 4; lastKnownFileType = sourcecode.c.h; path = APILanguage.h; sourceTree = "<group>"; };
		73C215F01CC5BCA700F097B9 /* APILanguage.m */ = {isa = PBXFileReference; fileEncoding = 4; lastKnownFileType = sourcecode.c.objc; path = APILanguage.m; sourceTree = "<group>"; };
		73C215F11CC5BCA700F097B9 /* Container.h */ = {isa = PBXFileReference; fileEncoding = 4; lastKnownFileType = sourcecode.c.h; path = Container.h; sourceTree = "<group>"; };
		73C215F21CC5BCA700F097B9 /* Container.m */ = {isa = PBXFileReference; fileEncoding = 4; lastKnownFileType = sourcecode.c.objc; path = Container.m; sourceTree = "<group>"; };
		73C215F31CC5BCA700F097B9 /* DocSet.h */ = {isa = PBXFileReference; fileEncoding = 4; lastKnownFileType = sourcecode.c.h; path = DocSet.h; sourceTree = "<group>"; };
		73C215F41CC5BCA700F097B9 /* DocSet.m */ = {isa = PBXFileReference; fileEncoding = 4; lastKnownFileType = sourcecode.c.objc; path = DocSet.m; sourceTree = "<group>"; };
		73C215F51CC5BCA700F097B9 /* DownloadableFile.h */ = {isa = PBXFileReference; fileEncoding = 4; lastKnownFileType = sourcecode.c.h; path = DownloadableFile.h; sourceTree = "<group>"; };
		73C215F61CC5BCA700F097B9 /* DownloadableFile.m */ = {isa = PBXFileReference; fileEncoding = 4; lastKnownFileType = sourcecode.c.objc; path = DownloadableFile.m; sourceTree = "<group>"; };
		73C215F71CC5BCA700F097B9 /* DSADistributionVersion.h */ = {isa = PBXFileReference; fileEncoding = 4; lastKnownFileType = sourcecode.c.h; path = DSADistributionVersion.h; sourceTree = "<group>"; };
		73C215F81CC5BCA700F097B9 /* DSADistributionVersion.m */ = {isa = PBXFileReference; fileEncoding = 4; lastKnownFileType = sourcecode.c.objc; path = DSADistributionVersion.m; sourceTree = "<group>"; };
		73C215F91CC5BCA700F097B9 /* DSANode.h */ = {isa = PBXFileReference; fileEncoding = 4; lastKnownFileType = sourcecode.c.h; path = DSANode.h; sourceTree = "<group>"; };
		73C215FA1CC5BCA700F097B9 /* DSANode.m */ = {isa = PBXFileReference; fileEncoding = 4; lastKnownFileType = sourcecode.c.objc; path = DSANode.m; sourceTree = "<group>"; };
		73C215FB1CC5BCA700F097B9 /* DSANodeURL.h */ = {isa = PBXFileReference; fileEncoding = 4; lastKnownFileType = sourcecode.c.h; path = DSANodeURL.h; sourceTree = "<group>"; };
		73C215FC1CC5BCA700F097B9 /* DSANodeURL.m */ = {isa = PBXFileReference; fileEncoding = 4; lastKnownFileType = sourcecode.c.objc; path = DSANodeURL.m; sourceTree = "<group>"; };
		73C215FD1CC5BCA700F097B9 /* DSAToken.h */ = {isa = PBXFileReference; fileEncoding = 4; lastKnownFileType = sourcecode.c.h; path = DSAToken.h; sourceTree = "<group>"; };
		73C215FE1CC5BCA700F097B9 /* DSAToken.m */ = {isa = PBXFileReference; fileEncoding = 4; lastKnownFileType = sourcecode.c.objc; path = DSAToken.m; sourceTree = "<group>"; };
		73C215FF1CC5BCA700F097B9 /* FilePath.h */ = {isa = PBXFileReference; fileEncoding = 4; lastKnownFileType = sourcecode.c.h; path = FilePath.h; sourceTree = "<group>"; };
		73C216001CC5BCA700F097B9 /* FilePath.m */ = {isa = PBXFileReference; fileEncoding = 4; lastKnownFileType = sourcecode.c.objc; path = FilePath.m; sourceTree = "<group>"; };
		73C216011CC5BCA700F097B9 /* Header.h */ = {isa = PBXFileReference; fileEncoding = 4; lastKnownFileType = sourcecode.c.h; path = Header.h; sourceTree = "<group>"; };
		73C216021CC5BCA700F097B9 /* Header.m */ = {isa = PBXFileReference; fileEncoding = 4; lastKnownFileType = sourcecode.c.objc; path = Header.m; sourceTree = "<group>"; };
		73C216031CC5BCA700F097B9 /* NodeUUID.h */ = {isa = PBXFileReference; fileEncoding = 4; lastKnownFileType = sourcecode.c.h; path = NodeUUID.h; sourceTree = "<group>"; };
		73C216041CC5BCA700F097B9 /* NodeUUID.m */ = {isa = PBXFileReference; fileEncoding = 4; lastKnownFileType = sourcecode.c.objc; path = NodeUUID.m; sourceTree = "<group>"; };
		73C216051CC5BCA700F097B9 /* OrderedSubnode.h */ = {isa = PBXFileReference; fileEncoding = 4; lastKnownFileType = sourcecode.c.h; path = OrderedSubnode.h; sourceTree = "<group>"; };
		73C216061CC5BCA700F097B9 /* OrderedSubnode.m */ = {isa = PBXFileReference; fileEncoding = 4; lastKnownFileType = sourcecode.c.objc; path = OrderedSubnode.m; sourceTree = "<group>"; };
		73C216071CC5BCA700F097B9 /* TokenGroup.h */ = {isa = PBXFileReference; fileEncoding = 4; lastKnownFileType = sourcecode.c.h; path = TokenGroup.h; sourceTree = "<group>"; };
		73C216081CC5BCA700F097B9 /* TokenGroup.m */ = {isa = PBXFileReference; fileEncoding = 4; lastKnownFileType = sourcecode.c.objc; path = TokenGroup.m; sourceTree = "<group>"; };
		73C216091CC5BCA700F097B9 /* TokenMetainformation.h */ = {isa = PBXFileReference; fileEncoding = 4; lastKnownFileType = sourcecode.c.h; path = TokenMetainformation.h; sourceTree = "<group>"; };
		73C2160A1CC5BCA700F097B9 /* TokenMetainformation.m */ = {isa = PBXFileReference; fileEncoding = 4; lastKnownFileType = sourcecode.c.objc; path = TokenMetainformation.m; sourceTree = "<group>"; };
		73C2160B1CC5BCA700F097B9 /* TokenType.h */ = {isa = PBXFileReference; fileEncoding = 4; lastKnownFileType = sourcecode.c.h; path = TokenType.h; sourceTree = "<group>"; };
		73C2160C1CC5BCA700F097B9 /* TokenType.m */ = {isa = PBXFileReference; fileEncoding = 4; lastKnownFileType = sourcecode.c.objc; path = TokenType.m; sourceTree = "<group>"; };
		73C2160E1CC5BCA700F097B9 /* _APILanguage.h */ = {isa = PBXFileReference; fileEncoding = 4; lastKnownFileType = sourcecode.c.h; path = _APILanguage.h; sourceTree = "<group>"; };
		73C2160F1CC5BCA700F097B9 /* _APILanguage.m */ = {isa = PBXFileReference; fileEncoding = 4; lastKnownFileType = sourcecode.c.objc; path = _APILanguage.m; sourceTree = "<group>"; };
		73C216101CC5BCA700F097B9 /* _Container.h */ = {isa = PBXFileReference; fileEncoding = 4; lastKnownFileType = sourcecode.c.h; path = _Container.h; sourceTree = "<group>"; };
		73C216111CC5BCA700F097B9 /* _Container.m */ = {isa = PBXFileReference; fileEncoding = 4; lastKnownFileType = sourcecode.c.objc; path = _Container.m; sourceTree = "<group>"; };
		73C216121CC5BCA700F097B9 /* _DocSet.h */ = {isa = PBXFileReference; fileEncoding = 4; lastKnownFileType = sourcecode.c.h; path = _DocSet.h; sourceTree = "<group>"; };
		73C216131CC5BCA700F097B9 /* _DocSet.m */ = {isa = PBXFileReference; fileEncoding = 4; lastKnownFileType = sourcecode.c.objc; path = _DocSet.m; sourceTree = "<group>"; };
		73C216141CC5BCA700F097B9 /* _DownloadableFile.h */ = {isa = PBXFileReference; fileEncoding = 4; lastKnownFileType = sourcecode.c.h; path = _DownloadableFile.h; sourceTree = "<group>"; };
		73C216151CC5BCA700F097B9 /* _DownloadableFile.m */ = {isa = PBXFileReference; fileEncoding = 4; lastKnownFileType = sourcecode.c.objc; path = _DownloadableFile.m; sourceTree = "<group>"; };
		73C216161CC5BCA700F097B9 /* _DSADistributionVersion.h */ = {isa = PBXFileReference; fileEncoding = 4; lastKnownFileType = sourcecode.c.h; path = _DSADistributionVersion.h; sourceTree = "<group>"; };
		73C216171CC5BCA700F097B9 /* _DSADistributionVersion.m */ = {isa = PBXFileReference; fileEncoding = 4; lastKnownFileType = sourcecode.c.objc; path = _DSADistributionVersion.m; sourceTree = "<group>"; };
		73C216181CC5BCA700F097B9 /* _DSANode.h */ = {isa = PBXFileReference; fileEncoding = 4; lastKnownFileType = sourcecode.c.h; path = _DSANode.h; sourceTree = "<group>"; };
		73C216191CC5BCA700F097B9 /* _DSANode.m */ = {isa = PBXFileReference; fileEncoding = 4; lastKnownFileType = sourcecode.c.objc; path = _DSANode.m; sourceTree = "<group>"; };
		73C2161A1CC5BCA700F097B9 /* _DSANodeURL.h */ = {isa = PBXFileReference; fileEncoding = 4; lastKnownFileType = sourcecode.c.h; path = _DSANodeURL.h; sourceTree = "<group>"; };
		73C2161B1CC5BCA700F097B9 /* _DSANodeURL.m */ = {isa = PBXFileReference; fileEncoding = 4; lastKnownFileType = sourcecode.c.objc; path = _DSANodeURL.m; sourceTree = "<group>"; };
		73C2161C1CC5BCA700F097B9 /* _DSAToken.h */ = {isa = PBXFileReference; fileEncoding = 4; lastKnownFileType = sourcecode.c.h; path = _DSAToken.h; sourceTree = "<group>"; };
		73C2161D1CC5BCA700F097B9 /* _DSAToken.m */ = {isa = PBXFileReference; fileEncoding = 4; lastKnownFileType = sourcecode.c.objc; path = _DSAToken.m; sourceTree = "<group>"; };
		73C2161E1CC5BCA700F097B9 /* _FilePath.h */ = {isa = PBXFileReference; fileEncoding = 4; lastKnownFileType = sourcecode.c.h; path = _FilePath.h; sourceTree = "<group>"; };
		73C2161F1CC5BCA700F097B9 /* _FilePath.m */ = {isa = PBXFileReference; fileEncoding = 4; lastKnownFileType = sourcecode.c.objc; path = _FilePath.m; sourceTree = "<group>"; };
		73C216201CC5BCA700F097B9 /* _Header.h */ = {isa = PBXFileReference; fileEncoding = 4; lastKnownFileType = sourcecode.c.h; path = _Header.h; sourceTree = "<group>"; };
		73C216211CC5BCA700F097B9 /* _Header.m */ = {isa = PBXFileReference; fileEncoding = 4; lastKnownFileType = sourcecode.c.objc; path = _Header.m; sourceTree = "<group>"; };
		73C216221CC5BCA700F097B9 /* _NodeUUID.h */ = {isa = PBXFileReference; fileEncoding = 4; lastKnownFileType = sourcecode.c.h; path = _NodeUUID.h; sourceTree = "<group>"; };
		73C216231CC5BCA700F097B9 /* _NodeUUID.m */ = {isa = PBXFileReference; fileEncoding = 4; lastKnownFileType = sourcecode.c.objc; path = _NodeUUID.m; sourceTree = "<group>"; };
		73C216241CC5BCA700F097B9 /* _OrderedSubnode.h */ = {isa = PBXFileReference; fileEncoding = 4; lastKnownFileType = sourcecode.c.h; path = _OrderedSubnode.h; sourceTree = "<group>"; };
		73C216251CC5BCA700F097B9 /* _OrderedSubnode.m */ = {isa = PBXFileReference; fileEncoding = 4; lastKnownFileType = sourcecode.c.objc; path = _OrderedSubnode.m; sourceTree = "<group>"; };
		73C216261CC5BCA700F097B9 /* _TokenGroup.h */ = {isa = PBXFileReference; fileEncoding = 4; lastKnownFileType = sourcecode.c.h; path = _TokenGroup.h; sourceTree = "<group>"; };
		73C216271CC5BCA700F097B9 /* _TokenGroup.m */ = {isa = PBXFileReference; fileEncoding = 4; lastKnownFileType = sourcecode.c.objc; path = _TokenGroup.m; sourceTree = "<group>"; };
		73C216281CC5BCA700F097B9 /* _TokenMetainformation.h */ = {isa = PBXFileReference; fileEncoding = 4; lastKnownFileType = sourcecode.c.h; path = _TokenMetainformation.h; sourceTree = "<group>"; };
		73C216291CC5BCA700F097B9 /* _TokenMetainformation.m */ = {isa = PBXFileReference; fileEncoding = 4; lastKnownFileType = sourcecode.c.objc; path = _TokenMetainformation.m; sourceTree = "<group>"; };
		73C2162A1CC5BCA700F097B9 /* _TokenType.h */ = {isa = PBXFileReference; fileEncoding = 4; lastKnownFileType = sourcecode.c.h; path = _TokenType.h; sourceTree = "<group>"; };
		73C2162B1CC5BCA700F097B9 /* _TokenType.m */ = {isa = PBXFileReference; fileEncoding = 4; lastKnownFileType = sourcecode.c.objc; path = _TokenType.m; sourceTree = "<group>"; };
		73C2162D1CC5BCA700F097B9 /* DocSetModel.xcdatamodel */ = {isa = PBXFileReference; lastKnownFileType = wrapper.xcdatamodel; path = DocSetModel.xcdatamodel; sourceTree = "<group>"; };
		73C2162F1CC5BCA700F097B9 /* QuietLog.h */ = {isa = PBXFileReference; fileEncoding = 4; lastKnownFileType = sourcecode.c.h; path = QuietLog.h; sourceTree = "<group>"; };
		73C216301CC5BCA700F097B9 /* QuietLog.m */ = {isa = PBXFileReference; fileEncoding = 4; lastKnownFileType = sourcecode.c.objc; path = QuietLog.m; sourceTree = "<group>"; };
/* End PBXFileReference section */

/* Begin PBXFrameworksBuildPhase section */
		7370BEA51CC21BB400079C8E /* Frameworks */ = {
			isa = PBXFrameworksBuildPhase;
			buildActionMask = 2147483647;
			files = (
			);
			runOnlyForDeploymentPostprocessing = 0;
		};
		7370BEBB1CC21BB500079C8E /* Frameworks */ = {
			isa = PBXFrameworksBuildPhase;
			buildActionMask = 2147483647;
			files = (
			);
			runOnlyForDeploymentPostprocessing = 0;
		};
		7370BEC61CC21BB500079C8E /* Frameworks */ = {
			isa = PBXFrameworksBuildPhase;
			buildActionMask = 2147483647;
			files = (
			);
			runOnlyForDeploymentPostprocessing = 0;
		};
/* End PBXFrameworksBuildPhase section */

/* Begin PBXGroup section */
		7370BE9F1CC21BB400079C8E = {
			isa = PBXGroup;
			children = (
				7370BEDB1CC21C0600079C8E /* README.txt */,
				7370BEAA1CC21BB400079C8E /* DocSetsTake2 */,
				7370BEC11CC21BB500079C8E /* DocSetsTake2Tests */,
				7370BECC1CC21BB500079C8E /* DocSetsTake2UITests */,
				7370BEA91CC21BB400079C8E /* Products */,
			);
			sourceTree = "<group>";
		};
		7370BEA91CC21BB400079C8E /* Products */ = {
			isa = PBXGroup;
			children = (
				7370BEA81CC21BB400079C8E /* DocSetsTake2.app */,
				7370BEBE1CC21BB500079C8E /* DocSetsTake2Tests.xctest */,
				7370BEC91CC21BB500079C8E /* DocSetsTake2UITests.xctest */,
			);
			name = Products;
			sourceTree = "<group>";
		};
		7370BEAA1CC21BB400079C8E /* DocSetsTake2 */ = {
			isa = PBXGroup;
			children = (
				73C2162E1CC5BCA700F097B9 /* Utilities */,
				73C215E91CC5BCA700F097B9 /* Data */,
				7370BEAB1CC21BB400079C8E /* AppDelegate.h */,
				7370BEAC1CC21BB400079C8E /* AppDelegate.m */,
				736AB61B1CC58C9500C4376C /* SimpleFetchWindowController.h */,
				736AB61C1CC58C9500C4376C /* SimpleFetchWindowController.m */,
				736AB61D1CC58C9500C4376C /* SimpleFetchWindowController.xib */,
				7370BEB41CC21BB400079C8E /* Assets.xcassets */,
				7370BEB61CC21BB400079C8E /* MainMenu.xib */,
				7370BEB91CC21BB400079C8E /* Info.plist */,
				7370BEAE1CC21BB400079C8E /* Supporting Files */,
			);
			path = DocSetsTake2;
			sourceTree = "<group>";
		};
		7370BEAE1CC21BB400079C8E /* Supporting Files */ = {
			isa = PBXGroup;
			children = (
				7370BEAF1CC21BB400079C8E /* main.m */,
			);
			name = "Supporting Files";
			sourceTree = "<group>";
		};
		7370BEC11CC21BB500079C8E /* DocSetsTake2Tests */ = {
			isa = PBXGroup;
			children = (
				7370BEC21CC21BB500079C8E /* DocSetsTake2Tests.m */,
				7370BEC41CC21BB500079C8E /* Info.plist */,
			);
			path = DocSetsTake2Tests;
			sourceTree = "<group>";
		};
		7370BECC1CC21BB500079C8E /* DocSetsTake2UITests */ = {
			isa = PBXGroup;
			children = (
				7370BECD1CC21BB500079C8E /* DocSetsTake2UITests.m */,
				7370BECF1CC21BB500079C8E /* Info.plist */,
			);
			path = DocSetsTake2UITests;
			sourceTree = "<group>";
		};
		73C215E91CC5BCA700F097B9 /* Data */ = {
			isa = PBXGroup;
			children = (
				73C215EA1CC5BCA700F097B9 /* DocSetIndex.h */,
				73C215EB1CC5BCA700F097B9 /* DocSetIndex.m */,
				73C215EC1CC5BCA700F097B9 /* DocSetModel */,
				73C2162C1CC5BCA700F097B9 /* DocSetModel.xcdatamodeld */,
			);
			path = Data;
			sourceTree = "<group>";
		};
		73C215EC1CC5BCA700F097B9 /* DocSetModel */ = {
			isa = PBXGroup;
			children = (
				73C215ED1CC5BCA700F097B9 /* DocSetModel.h */,
				73C215EE1CC5BCA700F097B9 /* Human */,
				73C2160D1CC5BCA700F097B9 /* Machine */,
			);
			path = DocSetModel;
			sourceTree = "<group>";
		};
		73C215EE1CC5BCA700F097B9 /* Human */ = {
			isa = PBXGroup;
			children = (
				73C215EF1CC5BCA700F097B9 /* APILanguage.h */,
				73C215F01CC5BCA700F097B9 /* APILanguage.m */,
				73C215F11CC5BCA700F097B9 /* Container.h */,
				73C215F21CC5BCA700F097B9 /* Container.m */,
				73C215F31CC5BCA700F097B9 /* DocSet.h */,
				73C215F41CC5BCA700F097B9 /* DocSet.m */,
				73C215F51CC5BCA700F097B9 /* DownloadableFile.h */,
				73C215F61CC5BCA700F097B9 /* DownloadableFile.m */,
				73C215F71CC5BCA700F097B9 /* DSADistributionVersion.h */,
				73C215F81CC5BCA700F097B9 /* DSADistributionVersion.m */,
				73C215F91CC5BCA700F097B9 /* DSANode.h */,
				73C215FA1CC5BCA700F097B9 /* DSANode.m */,
				73C215FB1CC5BCA700F097B9 /* DSANodeURL.h */,
				73C215FC1CC5BCA700F097B9 /* DSANodeURL.m */,
				73C215FD1CC5BCA700F097B9 /* DSAToken.h */,
				73C215FE1CC5BCA700F097B9 /* DSAToken.m */,
				73C215FF1CC5BCA700F097B9 /* FilePath.h */,
				73C216001CC5BCA700F097B9 /* FilePath.m */,
				73C216011CC5BCA700F097B9 /* Header.h */,
				73C216021CC5BCA700F097B9 /* Header.m */,
				73C216031CC5BCA700F097B9 /* NodeUUID.h */,
				73C216041CC5BCA700F097B9 /* NodeUUID.m */,
				73C216051CC5BCA700F097B9 /* OrderedSubnode.h */,
				73C216061CC5BCA700F097B9 /* OrderedSubnode.m */,
				73C216071CC5BCA700F097B9 /* TokenGroup.h */,
				73C216081CC5BCA700F097B9 /* TokenGroup.m */,
				73C216091CC5BCA700F097B9 /* TokenMetainformation.h */,
				73C2160A1CC5BCA700F097B9 /* TokenMetainformation.m */,
				73C2160B1CC5BCA700F097B9 /* TokenType.h */,
				73C2160C1CC5BCA700F097B9 /* TokenType.m */,
			);
			path = Human;
			sourceTree = "<group>";
		};
		73C2160D1CC5BCA700F097B9 /* Machine */ = {
			isa = PBXGroup;
			children = (
				73C2160E1CC5BCA700F097B9 /* _APILanguage.h */,
				73C2160F1CC5BCA700F097B9 /* _APILanguage.m */,
				73C216101CC5BCA700F097B9 /* _Container.h */,
				73C216111CC5BCA700F097B9 /* _Container.m */,
				73C216121CC5BCA700F097B9 /* _DocSet.h */,
				73C216131CC5BCA700F097B9 /* _DocSet.m */,
				73C216141CC5BCA700F097B9 /* _DownloadableFile.h */,
				73C216151CC5BCA700F097B9 /* _DownloadableFile.m */,
				73C216161CC5BCA700F097B9 /* _DSADistributionVersion.h */,
				73C216171CC5BCA700F097B9 /* _DSADistributionVersion.m */,
				73C216181CC5BCA700F097B9 /* _DSANode.h */,
				73C216191CC5BCA700F097B9 /* _DSANode.m */,
				73C2161A1CC5BCA700F097B9 /* _DSANodeURL.h */,
				73C2161B1CC5BCA700F097B9 /* _DSANodeURL.m */,
				73C2161C1CC5BCA700F097B9 /* _DSAToken.h */,
				73C2161D1CC5BCA700F097B9 /* _DSAToken.m */,
				73C2161E1CC5BCA700F097B9 /* _FilePath.h */,
				73C2161F1CC5BCA700F097B9 /* _FilePath.m */,
				73C216201CC5BCA700F097B9 /* _Header.h */,
				73C216211CC5BCA700F097B9 /* _Header.m */,
				73C216221CC5BCA700F097B9 /* _NodeUUID.h */,
				73C216231CC5BCA700F097B9 /* _NodeUUID.m */,
				73C216241CC5BCA700F097B9 /* _OrderedSubnode.h */,
				73C216251CC5BCA700F097B9 /* _OrderedSubnode.m */,
				73C216261CC5BCA700F097B9 /* _TokenGroup.h */,
				73C216271CC5BCA700F097B9 /* _TokenGroup.m */,
				73C216281CC5BCA700F097B9 /* _TokenMetainformation.h */,
				73C216291CC5BCA700F097B9 /* _TokenMetainformation.m */,
				73C2162A1CC5BCA700F097B9 /* _TokenType.h */,
				73C2162B1CC5BCA700F097B9 /* _TokenType.m */,
			);
			path = Machine;
			sourceTree = "<group>";
		};
		73C2162E1CC5BCA700F097B9 /* Utilities */ = {
			isa = PBXGroup;
			children = (
				73C2162F1CC5BCA700F097B9 /* QuietLog.h */,
				73C216301CC5BCA700F097B9 /* QuietLog.m */,
			);
			path = Utilities;
			sourceTree = "<group>";
		};
/* End PBXGroup section */

/* Begin PBXNativeTarget section */
		7370BEA71CC21BB400079C8E /* DocSetsTake2 */ = {
			isa = PBXNativeTarget;
			buildConfigurationList = 7370BED21CC21BB500079C8E /* Build configuration list for PBXNativeTarget "DocSetsTake2" */;
			buildPhases = (
				7370BEA41CC21BB400079C8E /* Sources */,
				7370BEA51CC21BB400079C8E /* Frameworks */,
				7370BEA61CC21BB400079C8E /* Resources */,
			);
			buildRules = (
			);
			dependencies = (
			);
			name = DocSetsTake2;
			productName = DocSetsTake2;
			productReference = 7370BEA81CC21BB400079C8E /* DocSetsTake2.app */;
			productType = "com.apple.product-type.application";
		};
		7370BEBD1CC21BB500079C8E /* DocSetsTake2Tests */ = {
			isa = PBXNativeTarget;
			buildConfigurationList = 7370BED51CC21BB500079C8E /* Build configuration list for PBXNativeTarget "DocSetsTake2Tests" */;
			buildPhases = (
				7370BEBA1CC21BB500079C8E /* Sources */,
				7370BEBB1CC21BB500079C8E /* Frameworks */,
				7370BEBC1CC21BB500079C8E /* Resources */,
			);
			buildRules = (
			);
			dependencies = (
				7370BEC01CC21BB500079C8E /* PBXTargetDependency */,
			);
			name = DocSetsTake2Tests;
			productName = DocSetsTake2Tests;
			productReference = 7370BEBE1CC21BB500079C8E /* DocSetsTake2Tests.xctest */;
			productType = "com.apple.product-type.bundle.unit-test";
		};
		7370BEC81CC21BB500079C8E /* DocSetsTake2UITests */ = {
			isa = PBXNativeTarget;
			buildConfigurationList = 7370BED81CC21BB500079C8E /* Build configuration list for PBXNativeTarget "DocSetsTake2UITests" */;
			buildPhases = (
				7370BEC51CC21BB500079C8E /* Sources */,
				7370BEC61CC21BB500079C8E /* Frameworks */,
				7370BEC71CC21BB500079C8E /* Resources */,
			);
			buildRules = (
			);
			dependencies = (
				7370BECB1CC21BB500079C8E /* PBXTargetDependency */,
			);
			name = DocSetsTake2UITests;
			productName = DocSetsTake2UITests;
			productReference = 7370BEC91CC21BB500079C8E /* DocSetsTake2UITests.xctest */;
			productType = "com.apple.product-type.bundle.ui-testing";
		};
/* End PBXNativeTarget section */

/* Begin PBXProject section */
		7370BEA01CC21BB400079C8E /* Project object */ = {
			isa = PBXProject;
			attributes = {
				LastUpgradeCheck = 0730;
				ORGANIZATIONNAME = "Andy Lee";
				TargetAttributes = {
					730DE7E31CC3F0CA00557D4C = {
						CreatedOnToolsVersion = 7.3;
					};
					7370BEA71CC21BB400079C8E = {
						CreatedOnToolsVersion = 7.3;
					};
					7370BEBD1CC21BB500079C8E = {
						CreatedOnToolsVersion = 7.3;
						TestTargetID = 7370BEA71CC21BB400079C8E;
					};
					7370BEC81CC21BB500079C8E = {
						CreatedOnToolsVersion = 7.3;
						TestTargetID = 7370BEA71CC21BB400079C8E;
					};
				};
			};
			buildConfigurationList = 7370BEA31CC21BB400079C8E /* Build configuration list for PBXProject "DocSetsTake2" */;
			compatibilityVersion = "Xcode 3.2";
			developmentRegion = English;
			hasScannedForEncodings = 0;
			knownRegions = (
				en,
				Base,
			);
			mainGroup = 7370BE9F1CC21BB400079C8E;
			productRefGroup = 7370BEA91CC21BB400079C8E /* Products */;
			projectDirPath = "";
			projectRoot = "";
			targets = (
				7370BEA71CC21BB400079C8E /* DocSetsTake2 */,
				7370BEBD1CC21BB500079C8E /* DocSetsTake2Tests */,
				7370BEC81CC21BB500079C8E /* DocSetsTake2UITests */,
				730DE7E31CC3F0CA00557D4C /* Mogenerator */,
			);
		};
/* End PBXProject section */

/* Begin PBXResourcesBuildPhase section */
		7370BEA61CC21BB400079C8E /* Resources */ = {
			isa = PBXResourcesBuildPhase;
			buildActionMask = 2147483647;
			files = (
				7370BEB51CC21BB400079C8E /* Assets.xcassets in Resources */,
				736AB61F1CC58C9500C4376C /* SimpleFetchWindowController.xib in Resources */,
				7370BEB81CC21BB400079C8E /* MainMenu.xib in Resources */,
			);
			runOnlyForDeploymentPostprocessing = 0;
		};
		7370BEBC1CC21BB500079C8E /* Resources */ = {
			isa = PBXResourcesBuildPhase;
			buildActionMask = 2147483647;
			files = (
			);
			runOnlyForDeploymentPostprocessing = 0;
		};
		7370BEC71CC21BB500079C8E /* Resources */ = {
			isa = PBXResourcesBuildPhase;
			buildActionMask = 2147483647;
			files = (
			);
			runOnlyForDeploymentPostprocessing = 0;
		};
/* End PBXResourcesBuildPhase section */

/* Begin PBXShellScriptBuildPhase section */
		730DE7E71CC3F0F200557D4C /* ShellScript */ = {
			isa = PBXShellScriptBuildPhase;
			buildActionMask = 2147483647;
			files = (
			);
			inputPaths = (
			);
			outputPaths = (
			);
			runOnlyForDeploymentPostprocessing = 0;
			shellPath = /bin/sh;
			shellScript = "mogenerator --model DocSetsTake2/DocSetModel.xcdatamodeld/DocSetModel.xcdatamodel --machine-dir DocSetsTake2/DocSetModel/Machine --human-dir DocSetsTake2/DocSetModel/Human --includeh DocSetsTake2/DocSetModel/DocSetModel.h --template-var arc=true";
		};
/* End PBXShellScriptBuildPhase section */

/* Begin PBXSourcesBuildPhase section */
		7370BEA41CC21BB400079C8E /* Sources */ = {
			isa = PBXSourcesBuildPhase;
			buildActionMask = 2147483647;
			files = (
				73C216551CC5BCA700F097B9 /* OrderedSubnode.m in Sources */,
				73C2166D1CC5BCA700F097B9 /* _DSADistributionVersion.m in Sources */,
				73C2165E1CC5BCA700F097B9 /* TokenType.m in Sources */,
				736AB61E1CC58C9500C4376C /* SimpleFetchWindowController.m in Sources */,
				73C2163D1CC5BCA700F097B9 /* DownloadableFile.m in Sources */,
				73C2164F1CC5BCA700F097B9 /* Header.m in Sources */,
				73C216791CC5BCA700F097B9 /* _FilePath.m in Sources */,
				73C216821CC5BCA700F097B9 /* _OrderedSubnode.m in Sources */,
				73C2166A1CC5BCA700F097B9 /* _DownloadableFile.m in Sources */,
				73C2163A1CC5BCA700F097B9 /* DocSet.m in Sources */,
				73C2165B1CC5BCA700F097B9 /* TokenMetainformation.m in Sources */,
				73C216911CC5BCA700F097B9 /* QuietLog.m in Sources */,
				73C216671CC5BCA700F097B9 /* _DocSet.m in Sources */,
				7370BEB01CC21BB400079C8E /* main.m in Sources */,
				73C2164C1CC5BCA700F097B9 /* FilePath.m in Sources */,
				73C216341CC5BCA700F097B9 /* APILanguage.m in Sources */,
				73C216761CC5BCA700F097B9 /* _DSAToken.m in Sources */,
				73C2167C1CC5BCA700F097B9 /* _Header.m in Sources */,
				73C216401CC5BCA700F097B9 /* DSADistributionVersion.m in Sources */,
				73C216461CC5BCA700F097B9 /* DSANodeURL.m in Sources */,
				73C2167F1CC5BCA700F097B9 /* _NodeUUID.m in Sources */,
				73C216431CC5BCA700F097B9 /* DSANode.m in Sources */,
				73C2168B1CC5BCA700F097B9 /* _TokenType.m in Sources */,
				73C216881CC5BCA700F097B9 /* _TokenMetainformation.m in Sources */,
				73C2168E1CC5BCA700F097B9 /* DocSetModel.xcdatamodeld in Sources */,
				73C216851CC5BCA700F097B9 /* _TokenGroup.m in Sources */,
				73C216701CC5BCA700F097B9 /* _DSANode.m in Sources */,
				73C216371CC5BCA700F097B9 /* Container.m in Sources */,
				73C216611CC5BCA700F097B9 /* _APILanguage.m in Sources */,
				73C216581CC5BCA700F097B9 /* TokenGroup.m in Sources */,
				73C216641CC5BCA700F097B9 /* _Container.m in Sources */,
				73C216521CC5BCA700F097B9 /* NodeUUID.m in Sources */,
				73C216731CC5BCA700F097B9 /* _DSANodeURL.m in Sources */,
				73C216311CC5BCA700F097B9 /* DocSetIndex.m in Sources */,
				73C216491CC5BCA700F097B9 /* DSAToken.m in Sources */,
				7370BEAD1CC21BB400079C8E /* AppDelegate.m in Sources */,
			);
			runOnlyForDeploymentPostprocessing = 0;
		};
		7370BEBA1CC21BB500079C8E /* Sources */ = {
			isa = PBXSourcesBuildPhase;
			buildActionMask = 2147483647;
			files = (
				73C2167A1CC5BCA700F097B9 /* _FilePath.m in Sources */,
				73C2168F1CC5BCA700F097B9 /* DocSetModel.xcdatamodeld in Sources */,
				73C216771CC5BCA700F097B9 /* _DSAToken.m in Sources */,
				73C216741CC5BCA700F097B9 /* _DSANodeURL.m in Sources */,
				73C2163B1CC5BCA700F097B9 /* DocSet.m in Sources */,
				73C216921CC5BCA700F097B9 /* QuietLog.m in Sources */,
				73C2166E1CC5BCA700F097B9 /* _DSADistributionVersion.m in Sources */,
				73C2163E1CC5BCA700F097B9 /* DownloadableFile.m in Sources */,
				73C216711CC5BCA700F097B9 /* _DSANode.m in Sources */,
				73C216441CC5BCA700F097B9 /* DSANode.m in Sources */,
				73C216471CC5BCA700F097B9 /* DSANodeURL.m in Sources */,
				73C2168C1CC5BCA700F097B9 /* _TokenType.m in Sources */,
				73C216591CC5BCA700F097B9 /* TokenGroup.m in Sources */,
				73C216681CC5BCA700F097B9 /* _DocSet.m in Sources */,
				73C216651CC5BCA700F097B9 /* _Container.m in Sources */,
				73C2166B1CC5BCA700F097B9 /* _DownloadableFile.m in Sources */,
				73C2167D1CC5BCA700F097B9 /* _Header.m in Sources */,
				73C216831CC5BCA700F097B9 /* _OrderedSubnode.m in Sources */,
				73C216501CC5BCA700F097B9 /* Header.m in Sources */,
				73C216891CC5BCA700F097B9 /* _TokenMetainformation.m in Sources */,
				73C2165F1CC5BCA700F097B9 /* TokenType.m in Sources */,
				73C2164D1CC5BCA700F097B9 /* FilePath.m in Sources */,
				73C216621CC5BCA700F097B9 /* _APILanguage.m in Sources */,
				73C216861CC5BCA700F097B9 /* _TokenGroup.m in Sources */,
				73C2164A1CC5BCA700F097B9 /* DSAToken.m in Sources */,
				73C216351CC5BCA700F097B9 /* APILanguage.m in Sources */,
				73C216531CC5BCA700F097B9 /* NodeUUID.m in Sources */,
				73C216381CC5BCA700F097B9 /* Container.m in Sources */,
				73C216801CC5BCA700F097B9 /* _NodeUUID.m in Sources */,
				73C216321CC5BCA700F097B9 /* DocSetIndex.m in Sources */,
				7370BEC31CC21BB500079C8E /* DocSetsTake2Tests.m in Sources */,
				73C216561CC5BCA700F097B9 /* OrderedSubnode.m in Sources */,
				73C216411CC5BCA700F097B9 /* DSADistributionVersion.m in Sources */,
				73C2165C1CC5BCA700F097B9 /* TokenMetainformation.m in Sources */,
			);
			runOnlyForDeploymentPostprocessing = 0;
		};
		7370BEC51CC21BB500079C8E /* Sources */ = {
			isa = PBXSourcesBuildPhase;
			buildActionMask = 2147483647;
			files = (
				73C2167B1CC5BCA700F097B9 /* _FilePath.m in Sources */,
				73C216901CC5BCA700F097B9 /* DocSetModel.xcdatamodeld in Sources */,
				73C216781CC5BCA700F097B9 /* _DSAToken.m in Sources */,
				73C216751CC5BCA700F097B9 /* _DSANodeURL.m in Sources */,
				73C2163C1CC5BCA700F097B9 /* DocSet.m in Sources */,
				73C216931CC5BCA700F097B9 /* QuietLog.m in Sources */,
				73C2166F1CC5BCA700F097B9 /* _DSADistributionVersion.m in Sources */,
				73C2163F1CC5BCA700F097B9 /* DownloadableFile.m in Sources */,
				73C216721CC5BCA700F097B9 /* _DSANode.m in Sources */,
				73C216451CC5BCA700F097B9 /* DSANode.m in Sources */,
				73C216481CC5BCA700F097B9 /* DSANodeURL.m in Sources */,
				73C2168D1CC5BCA700F097B9 /* _TokenType.m in Sources */,
				73C2165A1CC5BCA700F097B9 /* TokenGroup.m in Sources */,
				73C216691CC5BCA700F097B9 /* _DocSet.m in Sources */,
				73C216661CC5BCA700F097B9 /* _Container.m in Sources */,
				73C2166C1CC5BCA700F097B9 /* _DownloadableFile.m in Sources */,
				73C2167E1CC5BCA700F097B9 /* _Header.m in Sources */,
				73C216841CC5BCA700F097B9 /* _OrderedSubnode.m in Sources */,
				73C216511CC5BCA700F097B9 /* Header.m in Sources */,
				73C2168A1CC5BCA700F097B9 /* _TokenMetainformation.m in Sources */,
				73C216601CC5BCA700F097B9 /* TokenType.m in Sources */,
				73C2164E1CC5BCA700F097B9 /* FilePath.m in Sources */,
				73C216631CC5BCA700F097B9 /* _APILanguage.m in Sources */,
				73C216871CC5BCA700F097B9 /* _TokenGroup.m in Sources */,
				73C2164B1CC5BCA700F097B9 /* DSAToken.m in Sources */,
				73C216361CC5BCA700F097B9 /* APILanguage.m in Sources */,
				73C216541CC5BCA700F097B9 /* NodeUUID.m in Sources */,
				73C216391CC5BCA700F097B9 /* Container.m in Sources */,
				73C216811CC5BCA700F097B9 /* _NodeUUID.m in Sources */,
				73C216331CC5BCA700F097B9 /* DocSetIndex.m in Sources */,
				7370BECE1CC21BB500079C8E /* DocSetsTake2UITests.m in Sources */,
				73C216571CC5BCA700F097B9 /* OrderedSubnode.m in Sources */,
				73C216421CC5BCA700F097B9 /* DSADistributionVersion.m in Sources */,
				73C2165D1CC5BCA700F097B9 /* TokenMetainformation.m in Sources */,
			);
			runOnlyForDeploymentPostprocessing = 0;
		};
/* End PBXSourcesBuildPhase section */

/* Begin PBXTargetDependency section */
		7370BEC01CC21BB500079C8E /* PBXTargetDependency */ = {
			isa = PBXTargetDependency;
			target = 7370BEA71CC21BB400079C8E /* DocSetsTake2 */;
			targetProxy = 7370BEBF1CC21BB500079C8E /* PBXContainerItemProxy */;
		};
		7370BECB1CC21BB500079C8E /* PBXTargetDependency */ = {
			isa = PBXTargetDependency;
			target = 7370BEA71CC21BB400079C8E /* DocSetsTake2 */;
			targetProxy = 7370BECA1CC21BB500079C8E /* PBXContainerItemProxy */;
		};
/* End PBXTargetDependency section */

/* Begin PBXVariantGroup section */
		7370BEB61CC21BB400079C8E /* MainMenu.xib */ = {
			isa = PBXVariantGroup;
			children = (
				7370BEB71CC21BB400079C8E /* Base */,
			);
			name = MainMenu.xib;
			sourceTree = "<group>";
		};
/* End PBXVariantGroup section */

/* Begin XCBuildConfiguration section */
		730DE7E51CC3F0CA00557D4C /* Debug */ = {
			isa = XCBuildConfiguration;
			buildSettings = {
				PRODUCT_NAME = "$(TARGET_NAME)";
			};
			name = Debug;
		};
		730DE7E61CC3F0CA00557D4C /* Release */ = {
			isa = XCBuildConfiguration;
			buildSettings = {
				PRODUCT_NAME = "$(TARGET_NAME)";
			};
			name = Release;
		};
		7370BED01CC21BB500079C8E /* Debug */ = {
			isa = XCBuildConfiguration;
			buildSettings = {
				ALWAYS_SEARCH_USER_PATHS = NO;
				CLANG_ANALYZER_NONNULL = YES;
				CLANG_CXX_LANGUAGE_STANDARD = "gnu++0x";
				CLANG_CXX_LIBRARY = "libc++";
				CLANG_ENABLE_MODULES = YES;
				CLANG_ENABLE_OBJC_ARC = YES;
				CLANG_WARN_BOOL_CONVERSION = YES;
				CLANG_WARN_CONSTANT_CONVERSION = YES;
				CLANG_WARN_DIRECT_OBJC_ISA_USAGE = YES_ERROR;
				CLANG_WARN_EMPTY_BODY = YES;
				CLANG_WARN_ENUM_CONVERSION = YES;
				CLANG_WARN_INT_CONVERSION = YES;
				CLANG_WARN_OBJC_ROOT_CLASS = YES_ERROR;
				CLANG_WARN_UNREACHABLE_CODE = YES;
				CLANG_WARN__DUPLICATE_METHOD_MATCH = YES;
				CODE_SIGN_IDENTITY = "-";
				COPY_PHASE_STRIP = NO;
				DEBUG_INFORMATION_FORMAT = dwarf;
				ENABLE_STRICT_OBJC_MSGSEND = YES;
				ENABLE_TESTABILITY = YES;
				GCC_C_LANGUAGE_STANDARD = gnu99;
				GCC_DYNAMIC_NO_PIC = NO;
				GCC_NO_COMMON_BLOCKS = YES;
				GCC_OPTIMIZATION_LEVEL = 0;
				GCC_PREPROCESSOR_DEFINITIONS = (
					"DEBUG=1",
					"$(inherited)",
				);
				GCC_WARN_64_TO_32_BIT_CONVERSION = YES;
				GCC_WARN_ABOUT_RETURN_TYPE = YES_ERROR;
				GCC_WARN_UNDECLARED_SELECTOR = YES;
				GCC_WARN_UNINITIALIZED_AUTOS = YES_AGGRESSIVE;
				GCC_WARN_UNUSED_FUNCTION = YES;
				GCC_WARN_UNUSED_VARIABLE = YES;
				MACOSX_DEPLOYMENT_TARGET = 10.11;
				MTL_ENABLE_DEBUG_INFO = YES;
				ONLY_ACTIVE_ARCH = YES;
				SDKROOT = macosx;
			};
			name = Debug;
		};
		7370BED11CC21BB500079C8E /* Release */ = {
			isa = XCBuildConfiguration;
			buildSettings = {
				ALWAYS_SEARCH_USER_PATHS = NO;
				CLANG_ANALYZER_NONNULL = YES;
				CLANG_CXX_LANGUAGE_STANDARD = "gnu++0x";
				CLANG_CXX_LIBRARY = "libc++";
				CLANG_ENABLE_MODULES = YES;
				CLANG_ENABLE_OBJC_ARC = YES;
				CLANG_WARN_BOOL_CONVERSION = YES;
				CLANG_WARN_CONSTANT_CONVERSION = YES;
				CLANG_WARN_DIRECT_OBJC_ISA_USAGE = YES_ERROR;
				CLANG_WARN_EMPTY_BODY = YES;
				CLANG_WARN_ENUM_CONVERSION = YES;
				CLANG_WARN_INT_CONVERSION = YES;
				CLANG_WARN_OBJC_ROOT_CLASS = YES_ERROR;
				CLANG_WARN_UNREACHABLE_CODE = YES;
				CLANG_WARN__DUPLICATE_METHOD_MATCH = YES;
				CODE_SIGN_IDENTITY = "-";
				COPY_PHASE_STRIP = NO;
				DEBUG_INFORMATION_FORMAT = "dwarf-with-dsym";
				ENABLE_NS_ASSERTIONS = NO;
				ENABLE_STRICT_OBJC_MSGSEND = YES;
				GCC_C_LANGUAGE_STANDARD = gnu99;
				GCC_NO_COMMON_BLOCKS = YES;
				GCC_WARN_64_TO_32_BIT_CONVERSION = YES;
				GCC_WARN_ABOUT_RETURN_TYPE = YES_ERROR;
				GCC_WARN_UNDECLARED_SELECTOR = YES;
				GCC_WARN_UNINITIALIZED_AUTOS = YES_AGGRESSIVE;
				GCC_WARN_UNUSED_FUNCTION = YES;
				GCC_WARN_UNUSED_VARIABLE = YES;
				MACOSX_DEPLOYMENT_TARGET = 10.11;
				MTL_ENABLE_DEBUG_INFO = NO;
				SDKROOT = macosx;
			};
			name = Release;
		};
		7370BED31CC21BB500079C8E /* Debug */ = {
			isa = XCBuildConfiguration;
			buildSettings = {
				ASSETCATALOG_COMPILER_APPICON_NAME = AppIcon;
				CLANG_ENABLE_MODULES = YES;
				COMBINE_HIDPI_IMAGES = YES;
				INFOPLIST_FILE = DocSetsTake2/Info.plist;
				LD_RUNPATH_SEARCH_PATHS = "$(inherited) @executable_path/../Frameworks";
				PRODUCT_BUNDLE_IDENTIFIER = com.appkido.DocSetsTake2;
				PRODUCT_NAME = "$(TARGET_NAME)";
				SWIFT_OBJC_BRIDGING_HEADER = "DocSetsTake2/Utilities/DocSetsTake2-Bridging-Header.h";
				SWIFT_OPTIMIZATION_LEVEL = "-Onone";
			};
			name = Debug;
		};
		7370BED41CC21BB500079C8E /* Release */ = {
			isa = XCBuildConfiguration;
			buildSettings = {
				ASSETCATALOG_COMPILER_APPICON_NAME = AppIcon;
				CLANG_ENABLE_MODULES = YES;
				COMBINE_HIDPI_IMAGES = YES;
				INFOPLIST_FILE = DocSetsTake2/Info.plist;
				LD_RUNPATH_SEARCH_PATHS = "$(inherited) @executable_path/../Frameworks";
				PRODUCT_BUNDLE_IDENTIFIER = com.appkido.DocSetsTake2;
				PRODUCT_NAME = "$(TARGET_NAME)";
				SWIFT_OBJC_BRIDGING_HEADER = "DocSetsTake2/Utilities/DocSetsTake2-Bridging-Header.h";
			};
			name = Release;
		};
		7370BED61CC21BB500079C8E /* Debug */ = {
			isa = XCBuildConfiguration;
			buildSettings = {
				BUNDLE_LOADER = "$(TEST_HOST)";
				CLANG_ENABLE_MODULES = YES;
				COMBINE_HIDPI_IMAGES = YES;
				INFOPLIST_FILE = DocSetsTake2Tests/Info.plist;
				LD_RUNPATH_SEARCH_PATHS = "$(inherited) @executable_path/../Frameworks @loader_path/../Frameworks";
				PRODUCT_BUNDLE_IDENTIFIER = com.appkido.DocSetsTake2Tests;
				PRODUCT_NAME = "$(TARGET_NAME)";
				SWIFT_OBJC_BRIDGING_HEADER = "DocSetsTake2/Utilities/DocSetsTake2Tests-Bridging-Header.h";
				SWIFT_OPTIMIZATION_LEVEL = "-Onone";
				TEST_HOST = "$(BUILT_PRODUCTS_DIR)/DocSetsTake2.app/Contents/MacOS/DocSetsTake2";
			};
			name = Debug;
		};
		7370BED71CC21BB500079C8E /* Release */ = {
			isa = XCBuildConfiguration;
			buildSettings = {
				BUNDLE_LOADER = "$(TEST_HOST)";
				CLANG_ENABLE_MODULES = YES;
				COMBINE_HIDPI_IMAGES = YES;
				INFOPLIST_FILE = DocSetsTake2Tests/Info.plist;
				LD_RUNPATH_SEARCH_PATHS = "$(inherited) @executable_path/../Frameworks @loader_path/../Frameworks";
				PRODUCT_BUNDLE_IDENTIFIER = com.appkido.DocSetsTake2Tests;
				PRODUCT_NAME = "$(TARGET_NAME)";
				SWIFT_OBJC_BRIDGING_HEADER = "DocSetsTake2/Utilities/DocSetsTake2Tests-Bridging-Header.h";
				TEST_HOST = "$(BUILT_PRODUCTS_DIR)/DocSetsTake2.app/Contents/MacOS/DocSetsTake2";
			};
			name = Release;
		};
		7370BED91CC21BB500079C8E /* Debug */ = {
			isa = XCBuildConfiguration;
			buildSettings = {
				CLANG_ENABLE_MODULES = YES;
				COMBINE_HIDPI_IMAGES = YES;
				INFOPLIST_FILE = DocSetsTake2UITests/Info.plist;
				LD_RUNPATH_SEARCH_PATHS = "$(inherited) @executable_path/../Frameworks @loader_path/../Frameworks";
				PRODUCT_BUNDLE_IDENTIFIER = com.appkido.DocSetsTake2UITests;
				PRODUCT_NAME = "$(TARGET_NAME)";
				SWIFT_OBJC_BRIDGING_HEADER = "DocSetsTake2/Utilities/DocSetsTake2UITests-Bridging-Header.h";
				SWIFT_OPTIMIZATION_LEVEL = "-Onone";
				TEST_TARGET_NAME = DocSetsTake2;
			};
			name = Debug;
		};
		7370BEDA1CC21BB500079C8E /* Release */ = {
			isa = XCBuildConfiguration;
			buildSettings = {
				CLANG_ENABLE_MODULES = YES;
				COMBINE_HIDPI_IMAGES = YES;
				INFOPLIST_FILE = DocSetsTake2UITests/Info.plist;
				LD_RUNPATH_SEARCH_PATHS = "$(inherited) @executable_path/../Frameworks @loader_path/../Frameworks";
				PRODUCT_BUNDLE_IDENTIFIER = com.appkido.DocSetsTake2UITests;
				PRODUCT_NAME = "$(TARGET_NAME)";
				SWIFT_OBJC_BRIDGING_HEADER = "DocSetsTake2/Utilities/DocSetsTake2UITests-Bridging-Header.h";
				TEST_TARGET_NAME = DocSetsTake2;
			};
			name = Release;
		};
/* End XCBuildConfiguration section */

/* Begin XCConfigurationList section */
		730DE7E41CC3F0CA00557D4C /* Build configuration list for PBXAggregateTarget "Mogenerator" */ = {
			isa = XCConfigurationList;
			buildConfigurations = (
				730DE7E51CC3F0CA00557D4C /* Debug */,
				730DE7E61CC3F0CA00557D4C /* Release */,
			);
			defaultConfigurationIsVisible = 0;
			defaultConfigurationName = Release;
		};
		7370BEA31CC21BB400079C8E /* Build configuration list for PBXProject "DocSetsTake2" */ = {
			isa = XCConfigurationList;
			buildConfigurations = (
				7370BED01CC21BB500079C8E /* Debug */,
				7370BED11CC21BB500079C8E /* Release */,
			);
			defaultConfigurationIsVisible = 0;
			defaultConfigurationName = Release;
		};
		7370BED21CC21BB500079C8E /* Build configuration list for PBXNativeTarget "DocSetsTake2" */ = {
			isa = XCConfigurationList;
			buildConfigurations = (
				7370BED31CC21BB500079C8E /* Debug */,
				7370BED41CC21BB500079C8E /* Release */,
			);
			defaultConfigurationIsVisible = 0;
			defaultConfigurationName = Release;
		};
		7370BED51CC21BB500079C8E /* Build configuration list for PBXNativeTarget "DocSetsTake2Tests" */ = {
			isa = XCConfigurationList;
			buildConfigurations = (
				7370BED61CC21BB500079C8E /* Debug */,
				7370BED71CC21BB500079C8E /* Release */,
			);
			defaultConfigurationIsVisible = 0;
			defaultConfigurationName = Release;
		};
		7370BED81CC21BB500079C8E /* Build configuration list for PBXNativeTarget "DocSetsTake2UITests" */ = {
			isa = XCConfigurationList;
			buildConfigurations = (
				7370BED91CC21BB500079C8E /* Debug */,
				7370BEDA1CC21BB500079C8E /* Release */,
			);
			defaultConfigurationIsVisible = 0;
			defaultConfigurationName = Release;
		};
/* End XCConfigurationList section */

/* Begin XCVersionGroup section */
		73C2162C1CC5BCA700F097B9 /* DocSetModel.xcdatamodeld */ = {
			isa = XCVersionGroup;
			children = (
				73C2162D1CC5BCA700F097B9 /* DocSetModel.xcdatamodel */,
			);
			currentVersion = 73C2162D1CC5BCA700F097B9 /* DocSetModel.xcdatamodel */;
			path = DocSetModel.xcdatamodeld;
			sourceTree = "<group>";
			versionGroupType = wrapper.xcdatamodel;
		};
/* End XCVersionGroup section */
	};
	rootObject = 7370BEA01CC21BB400079C8E /* Project object */;
}
